
Microsoft Visual Studio Solution File, Format Version 12.00
# Visual Studio Version 17
VisualStudioVersion = 17.2.32526.322
MinimumVisualStudioVersion = 10.0.40219.1
Project("{FAE04EC0-301F-11D3-BF4B-00C04F79EFBC}") = "Flappy Bird", "Flappy Bird\Flappy Bird.csproj", "{40293835-64B7-403B-A042-E10C183BA08B}"
EndProject
Global
	GlobalSection(SolutionConfigurationPlatforms) = preSolution
		Debug|Any CPU = Debug|Any CPU
		Release|Any CPU = Release|Any CPU
	EndGlobalSection
	GlobalSection(ProjectConfigurationPlatforms) = postSolution
		{40293835-64B7-403B-A042-E10C183BA08B}.Debug|Any CPU.ActiveCfg = Debug|Any CPU
		{40293835-64B7-403B-A042-E10C183BA08B}.Debug|Any CPU.Build.0 = Debug|Any CPU
		{40293835-64B7-403B-A042-E10C183BA08B}.Release|Any CPU.ActiveCfg = Release|Any CPU
		{40293835-64B7-403B-A042-E10C183BA08B}.Release|Any CPU.Build.0 = Release|Any CPU
	EndGlobalSection
	GlobalSection(SolutionProperties) = preSolution
		HideSolutionNode = FALSE
	EndGlobalSection
	GlobalSection(ExtensibilityGlobals) = postSolution
		SolutionGuid = {837B8D9A-A1E8-4925-8F1F-4228F47E73B9}
	EndGlobalSection
EndGlobal
